
Microsoft Visual Studio Solution File, Format Version 12.00
# Visual Studio Version 16
VisualStudioVersion = 16.0.30907.101
MinimumVisualStudioVersion = 10.0.40219.1
Project("{9A19103F-16F7-4668-BE54-9A1E7A4F7556}") = "TheAwesomeService", "PricingService\TheAwesomeService.csproj", "{55E56984-86BB-4F94-9EE0-0FD89A3ACF0F}"
EndProject
Project("{9A19103F-16F7-4668-BE54-9A1E7A4F7556}") = "TheAwesomeServiceTests", "PricingServiceTests\TheAwesomeServiceTests.csproj", "{392F7790-F9DD-469A-8647-A37494F59EBD}"
EndProject
Global
	GlobalSection(SolutionConfigurationPlatforms) = preSolution
		Debug|Any CPU = Debug|Any CPU
		Release|Any CPU = Release|Any CPU
	EndGlobalSection
	GlobalSection(ProjectConfigurationPlatforms) = postSolution
		{55E56984-86BB-4F94-9EE0-0FD89A3ACF0F}.Debug|Any CPU.ActiveCfg = Debug|Any CPU
		{55E56984-86BB-4F94-9EE0-0FD89A3ACF0F}.Debug|Any CPU.Build.0 = Debug|Any CPU
		{55E56984-86BB-4F94-9EE0-0FD89A3ACF0F}.Release|Any CPU.ActiveCfg = Release|Any CPU
		{55E56984-86BB-4F94-9EE0-0FD89A3ACF0F}.Release|Any CPU.Build.0 = Release|Any CPU
		{392F7790-F9DD-469A-8647-A37494F59EBD}.Debug|Any CPU.ActiveCfg = Debug|Any CPU
		{392F7790-F9DD-469A-8647-A37494F59EBD}.Debug|Any CPU.Build.0 = Debug|Any CPU
		{392F7790-F9DD-469A-8647-A37494F59EBD}.Release|Any CPU.ActiveCfg = Release|Any CPU
		{392F7790-F9DD-469A-8647-A37494F59EBD}.Release|Any CPU.Build.0 = Release|Any CPU
	EndGlobalSection
	GlobalSection(SolutionProperties) = preSolution
		HideSolutionNode = FALSE
	EndGlobalSection
	GlobalSection(ExtensibilityGlobals) = postSolution
		SolutionGuid = {0C0D3972-6DBA-48A4-8613-6386B7769D30}
	EndGlobalSection
EndGlobal
